
Microsoft Visual Studio Solution File, Format Version 12.00
# Visual Studio 2013
VisualStudioVersion = 12.0.31101.0
MinimumVisualStudioVersion = 10.0.40219.1
Project("{FAE04EC0-301F-11D3-BF4B-00C04F79EFBC}") = "CommandMessenger", "CommandMessenger\CommandMessenger.csproj", "{3CF8F8FC-6F5C-46F8-94DC-C2E4C505ECA4}"
EndProject
Project("{FAE04EC0-301F-11D3-BF4B-00C04F79EFBC}") = "XieXieBridgeAPI", "XieXieBridgeAPI\XieXieBridgeAPI.csproj", "{52EC5A42-1982-4839-BCA0-283EDA17304E}"
EndProject
Project("{FAE04EC0-301F-11D3-BF4B-00C04F79EFBC}") = "XieXieTester", "XieXieTester\XieXieTester.csproj", "{BC993E06-C4C6-4202-8548-4C5177FA5FE4}"
EndProject
Project("{FAE04EC0-301F-11D3-BF4B-00C04F79EFBC}") = "Test", "Test\Test.csproj", "{A06B6B03-1BEE-4663-9817-8BF96908DB3A}"
EndProject
Project("{2150E333-8FDC-42A3-9474-1A3956D46DE8}") = "Client", "Client", "{643E2B63-17A9-4B83-8526-83317DF6E9FA}"
	ProjectSection(SolutionItems) = preProject
		Client\default.html = Client\default.html
	EndProjectSection
EndProject
Global
	GlobalSection(SolutionConfigurationPlatforms) = preSolution
		Debug|Any CPU = Debug|Any CPU
		Release|Any CPU = Release|Any CPU
	EndGlobalSection
	GlobalSection(ProjectConfigurationPlatforms) = postSolution
		{3CF8F8FC-6F5C-46F8-94DC-C2E4C505ECA4}.Debug|Any CPU.ActiveCfg = Debug|Any CPU
		{3CF8F8FC-6F5C-46F8-94DC-C2E4C505ECA4}.Debug|Any CPU.Build.0 = Debug|Any CPU
		{3CF8F8FC-6F5C-46F8-94DC-C2E4C505ECA4}.Release|Any CPU.ActiveCfg = Release|Any CPU
		{3CF8F8FC-6F5C-46F8-94DC-C2E4C505ECA4}.Release|Any CPU.Build.0 = Release|Any CPU
		{52EC5A42-1982-4839-BCA0-283EDA17304E}.Debug|Any CPU.ActiveCfg = Debug|Any CPU
		{52EC5A42-1982-4839-BCA0-283EDA17304E}.Debug|Any CPU.Build.0 = Debug|Any CPU
		{52EC5A42-1982-4839-BCA0-283EDA17304E}.Release|Any CPU.ActiveCfg = Release|Any CPU
		{52EC5A42-1982-4839-BCA0-283EDA17304E}.Release|Any CPU.Build.0 = Release|Any CPU
		{BC993E06-C4C6-4202-8548-4C5177FA5FE4}.Debug|Any CPU.ActiveCfg = Debug|Any CPU
		{BC993E06-C4C6-4202-8548-4C5177FA5FE4}.Debug|Any CPU.Build.0 = Debug|Any CPU
		{BC993E06-C4C6-4202-8548-4C5177FA5FE4}.Release|Any CPU.ActiveCfg = Release|Any CPU
		{BC993E06-C4C6-4202-8548-4C5177FA5FE4}.Release|Any CPU.Build.0 = Release|Any CPU
		{A06B6B03-1BEE-4663-9817-8BF96908DB3A}.Debug|Any CPU.ActiveCfg = Debug|Any CPU
		{A06B6B03-1BEE-4663-9817-8BF96908DB3A}.Debug|Any CPU.Build.0 = Debug|Any CPU
		{A06B6B03-1BEE-4663-9817-8BF96908DB3A}.Release|Any CPU.ActiveCfg = Release|Any CPU
		{A06B6B03-1BEE-4663-9817-8BF96908DB3A}.Release|Any CPU.Build.0 = Release|Any CPU
	EndGlobalSection
	GlobalSection(SolutionProperties) = preSolution
		HideSolutionNode = FALSE
	EndGlobalSection
EndGlobal
